
Microsoft Visual Studio Solution File, Format Version 12.00
# Visual Studio Version 17
VisualStudioVersion = 17.14.36310.24 d17.14
MinimumVisualStudioVersion = 10.0.40219.1
Project("{FAE04EC0-301F-11D3-BF4B-00C04F79EFBC}") = "myfinance-web-dotnet", "myfinance-web-dotnet.csproj", "{8458146B-BD4B-4CC2-AFEE-D6F6E3AD0300}"
EndProject
Global
	GlobalSection(SolutionConfigurationPlatforms) = preSolution
		Debug|Any CPU = Debug|Any CPU
		Release|Any CPU = Release|Any CPU
	EndGlobalSection
	GlobalSection(ProjectConfigurationPlatforms) = postSolution
		{8458146B-BD4B-4CC2-AFEE-D6F6E3AD0300}.Debug|Any CPU.ActiveCfg = Debug|Any CPU
		{8458146B-BD4B-4CC2-AFEE-D6F6E3AD0300}.Debug|Any CPU.Build.0 = Debug|Any CPU
		{8458146B-BD4B-4CC2-AFEE-D6F6E3AD0300}.Release|Any CPU.ActiveCfg = Release|Any CPU
		{8458146B-BD4B-4CC2-AFEE-D6F6E3AD0300}.Release|Any CPU.Build.0 = Release|Any CPU
	EndGlobalSection
	GlobalSection(SolutionProperties) = preSolution
		HideSolutionNode = FALSE
	EndGlobalSection
	GlobalSection(ExtensibilityGlobals) = postSolution
		SolutionGuid = {A3778528-955F-4186-96ED-36C0B1BC059A}
	EndGlobalSection
EndGlobal
